
Microsoft Visual Studio Solution File, Format Version 12.00
# Visual Studio 15
VisualStudioVersion = 15.0.27428.2011
MinimumVisualStudioVersion = 10.0.40219.1
Project("{FAE04EC0-301F-11D3-BF4B-00C04F79EFBC}") = "MultipartFormRequest", "MultipartFormRequest\MultipartFormRequest.csproj", "{B82E6FD9-D958-4CC0-A201-BA5DE1014FD9}"
EndProject
Global
	GlobalSection(SolutionConfigurationPlatforms) = preSolution
		Debug|Any CPU = Debug|Any CPU
		Release|Any CPU = Release|Any CPU
	EndGlobalSection
	GlobalSection(ProjectConfigurationPlatforms) = postSolution
		{B82E6FD9-D958-4CC0-A201-BA5DE1014FD9}.Debug|Any CPU.ActiveCfg = Debug|Any CPU
		{B82E6FD9-D958-4CC0-A201-BA5DE1014FD9}.Debug|Any CPU.Build.0 = Debug|Any CPU
		{B82E6FD9-D958-4CC0-A201-BA5DE1014FD9}.Release|Any CPU.ActiveCfg = Release|Any CPU
		{B82E6FD9-D958-4CC0-A201-BA5DE1014FD9}.Release|Any CPU.Build.0 = Release|Any CPU
	EndGlobalSection
	GlobalSection(SolutionProperties) = preSolution
		HideSolutionNode = FALSE
	EndGlobalSection
	GlobalSection(ExtensibilityGlobals) = postSolution
		SolutionGuid = {1226E031-6694-43C7-966E-5FC404E67BF0}
	EndGlobalSection
EndGlobal
